
Microsoft Visual Studio Solution File, Format Version 12.00
# Visual Studio Version 17
VisualStudioVersion = 17.14.36811.4
MinimumVisualStudioVersion = 10.0.40219.1
Project("{FAE04EC0-301F-11D3-BF4B-00C04F79EFBC}") = "FlightOps", "FlightOps.csproj", "{E992F753-54A3-4170-BDAE-16DDD1C2BB89}"
EndProject
Project("{FAE04EC0-301F-11D3-BF4B-00C04F79EFBC}") = "FlightOps.Tests", "FlightOps.Tests\FlightOps.Tests.csproj", "{578E31A1-9481-4194-B110-D0DBBC06DCE3}"
EndProject
Project("{FAE04EC0-301F-11D3-BF4B-00C04F79EFBC}") = "FlightOps.E2E", "FlightOps.E2E\FlightOps.E2E.csproj", "{44926265-6442-405F-B5DD-C67ECBEBC746}"
EndProject
Global
	GlobalSection(SolutionConfigurationPlatforms) = preSolution
		Debug|Any CPU = Debug|Any CPU
		Debug|x64 = Debug|x64
		Debug|x86 = Debug|x86
		Release|Any CPU = Release|Any CPU
		Release|x64 = Release|x64
		Release|x86 = Release|x86
	EndGlobalSection
	GlobalSection(ProjectConfigurationPlatforms) = postSolution
		{E992F753-54A3-4170-BDAE-16DDD1C2BB89}.Debug|Any CPU.ActiveCfg = Debug|Any CPU
		{E992F753-54A3-4170-BDAE-16DDD1C2BB89}.Debug|Any CPU.Build.0 = Debug|Any CPU
		{E992F753-54A3-4170-BDAE-16DDD1C2BB89}.Debug|x64.ActiveCfg = Debug|Any CPU
		{E992F753-54A3-4170-BDAE-16DDD1C2BB89}.Debug|x64.Build.0 = Debug|Any CPU
		{E992F753-54A3-4170-BDAE-16DDD1C2BB89}.Debug|x86.ActiveCfg = Debug|Any CPU
		{E992F753-54A3-4170-BDAE-16DDD1C2BB89}.Debug|x86.Build.0 = Debug|Any CPU
		{E992F753-54A3-4170-BDAE-16DDD1C2BB89}.Release|Any CPU.ActiveCfg = Release|Any CPU
		{E992F753-54A3-4170-BDAE-16DDD1C2BB89}.Release|Any CPU.Build.0 = Release|Any CPU
		{E992F753-54A3-4170-BDAE-16DDD1C2BB89}.Release|x64.ActiveCfg = Release|Any CPU
		{E992F753-54A3-4170-BDAE-16DDD1C2BB89}.Release|x64.Build.0 = Release|Any CPU
		{E992F753-54A3-4170-BDAE-16DDD1C2BB89}.Release|x86.ActiveCfg = Release|Any CPU
		{E992F753-54A3-4170-BDAE-16DDD1C2BB89}.Release|x86.Build.0 = Release|Any CPU
		{578E31A1-9481-4194-B110-D0DBBC06DCE3}.Debug|Any CPU.ActiveCfg = Debug|Any CPU
		{578E31A1-9481-4194-B110-D0DBBC06DCE3}.Debug|Any CPU.Build.0 = Debug|Any CPU
		{578E31A1-9481-4194-B110-D0DBBC06DCE3}.Debug|x64.ActiveCfg = Debug|Any CPU
		{578E31A1-9481-4194-B110-D0DBBC06DCE3}.Debug|x64.Build.0 = Debug|Any CPU
		{578E31A1-9481-4194-B110-D0DBBC06DCE3}.Debug|x86.ActiveCfg = Debug|Any CPU
		{578E31A1-9481-4194-B110-D0DBBC06DCE3}.Debug|x86.Build.0 = Debug|Any CPU
		{578E31A1-9481-4194-B110-D0DBBC06DCE3}.Release|Any CPU.ActiveCfg = Release|Any CPU
		{578E31A1-9481-4194-B110-D0DBBC06DCE3}.Release|Any CPU.Build.0 = Release|Any CPU
		{578E31A1-9481-4194-B110-D0DBBC06DCE3}.Release|x64.ActiveCfg = Release|Any CPU
		{578E31A1-9481-4194-B110-D0DBBC06DCE3}.Release|x64.Build.0 = Release|Any CPU
		{578E31A1-9481-4194-B110-D0DBBC06DCE3}.Release|x86.ActiveCfg = Release|Any CPU
		{578E31A1-9481-4194-B110-D0DBBC06DCE3}.Release|x86.Build.0 = Release|Any CPU
		{44926265-6442-405F-B5DD-C67ECBEBC746}.Debug|Any CPU.ActiveCfg = Debug|Any CPU
		{44926265-6442-405F-B5DD-C67ECBEBC746}.Debug|Any CPU.Build.0 = Debug|Any CPU
		{44926265-6442-405F-B5DD-C67ECBEBC746}.Debug|x64.ActiveCfg = Debug|Any CPU
		{44926265-6442-405F-B5DD-C67ECBEBC746}.Debug|x64.Build.0 = Debug|Any CPU
		{44926265-6442-405F-B5DD-C67ECBEBC746}.Debug|x86.ActiveCfg = Debug|Any CPU
		{44926265-6442-405F-B5DD-C67ECBEBC746}.Debug|x86.Build.0 = Debug|Any CPU
		{44926265-6442-405F-B5DD-C67ECBEBC746}.Release|Any CPU.ActiveCfg = Release|Any CPU
		{44926265-6442-405F-B5DD-C67ECBEBC746}.Release|Any CPU.Build.0 = Release|Any CPU
		{44926265-6442-405F-B5DD-C67ECBEBC746}.Release|x64.ActiveCfg = Release|Any CPU
		{44926265-6442-405F-B5DD-C67ECBEBC746}.Release|x64.Build.0 = Release|Any CPU
		{44926265-6442-405F-B5DD-C67ECBEBC746}.Release|x86.ActiveCfg = Release|Any CPU
		{44926265-6442-405F-B5DD-C67ECBEBC746}.Release|x86.Build.0 = Release|Any CPU
	EndGlobalSection
	GlobalSection(SolutionProperties) = preSolution
		HideSolutionNode = FALSE
	EndGlobalSection
	GlobalSection(ExtensibilityGlobals) = postSolution
		SolutionGuid = {73EBAEAE-560D-45E5-95A5-98213BD3DC24}
	EndGlobalSection
EndGlobal
